
Microsoft Visual Studio Solution File, Format Version 12.00
# Visual Studio Version 16
VisualStudioVersion = 16.0.30907.101
MinimumVisualStudioVersion = 10.0.40219.1
Project("{9A19103F-16F7-4668-BE54-9A1E7A4F7556}") = "MyMessageQueue.API", "MyMessageQueue.API\MyMessageQueue.API.csproj", "{A260E927-7E62-4074-9DCA-B80B4EA5C367}"
EndProject
Project("{9A19103F-16F7-4668-BE54-9A1E7A4F7556}") = "MyMessageQueue.Model", "MyMessageQueue.Model\MyMessageQueue.Model.csproj", "{C96D3C43-98C2-4EF6-9859-E3E08B70B762}"
EndProject
Project("{9A19103F-16F7-4668-BE54-9A1E7A4F7556}") = "MyMessageQueue.BLL", "MyMessageQueue.BLL\MyMessageQueue.BLL.csproj", "{4582EE2B-D1C7-4F89-9A1C-47536DB3825B}"
EndProject
Project("{9A19103F-16F7-4668-BE54-9A1E7A4F7556}") = "MyMessageQueue.DAL", "MyMessageQueue.DAL\MyMessageQueue.DAL.csproj", "{8A3ED17A-B7F6-4CC4-85B0-B2C2AD6EFD5B}"
EndProject
Project("{9A19103F-16F7-4668-BE54-9A1E7A4F7556}") = "MyMessageQueue.SAL", "MyMessageQueue.SAL\MyMessageQueue.SAL.csproj", "{23C0608C-26DC-4632-A202-568001842065}"
EndProject
Project("{9A19103F-16F7-4668-BE54-9A1E7A4F7556}") = "Send", "Send\Send.csproj", "{3BB618D0-C2C4-494D-BC9F-A7018656F461}"
EndProject
Project("{9A19103F-16F7-4668-BE54-9A1E7A4F7556}") = "Receive", "Receive\Receive.csproj", "{9E96EDF3-FF68-416E-A7BF-43527ED032B5}"
EndProject
Project("{2150E333-8FDC-42A3-9474-1A3956D46DE8}") = "Clients", "Clients", "{DEEAADD6-DAAF-4923-B9D5-6E3FCBC3D67E}"
EndProject
Project("{9A19103F-16F7-4668-BE54-9A1E7A4F7556}") = "ConsoleAppBase", "ConsoleAppBase\ConsoleAppBase.csproj", "{FCF58D67-F89A-443D-BCAC-90E474113EEB}"
EndProject
Project("{2150E333-8FDC-42A3-9474-1A3956D46DE8}") = "API", "API", "{B5DBC0F7-6C1D-44C2-AD69-9A6A04A95898}"
EndProject
Project("{2150E333-8FDC-42A3-9474-1A3956D46DE8}") = "SharedLibs", "SharedLibs", "{8EC95DB7-6B52-4345-9967-E4217DD1B369}"
EndProject
Project("{E53339B2-1760-4266-BCC7-CA923CBCF16C}") = "docker-compose", "docker-compose.dcproj", "{364742C2-F0BF-444B-84BB-551D7F542275}"
EndProject
Global
	GlobalSection(SolutionConfigurationPlatforms) = preSolution
		Debug|Any CPU = Debug|Any CPU
		Release|Any CPU = Release|Any CPU
	EndGlobalSection
	GlobalSection(ProjectConfigurationPlatforms) = postSolution
		{A260E927-7E62-4074-9DCA-B80B4EA5C367}.Debug|Any CPU.ActiveCfg = Debug|Any CPU
		{A260E927-7E62-4074-9DCA-B80B4EA5C367}.Debug|Any CPU.Build.0 = Debug|Any CPU
		{A260E927-7E62-4074-9DCA-B80B4EA5C367}.Release|Any CPU.ActiveCfg = Release|Any CPU
		{A260E927-7E62-4074-9DCA-B80B4EA5C367}.Release|Any CPU.Build.0 = Release|Any CPU
		{C96D3C43-98C2-4EF6-9859-E3E08B70B762}.Debug|Any CPU.ActiveCfg = Debug|Any CPU
		{C96D3C43-98C2-4EF6-9859-E3E08B70B762}.Debug|Any CPU.Build.0 = Debug|Any CPU
		{C96D3C43-98C2-4EF6-9859-E3E08B70B762}.Release|Any CPU.ActiveCfg = Release|Any CPU
		{C96D3C43-98C2-4EF6-9859-E3E08B70B762}.Release|Any CPU.Build.0 = Release|Any CPU
		{4582EE2B-D1C7-4F89-9A1C-47536DB3825B}.Debug|Any CPU.ActiveCfg = Debug|Any CPU
		{4582EE2B-D1C7-4F89-9A1C-47536DB3825B}.Debug|Any CPU.Build.0 = Debug|Any CPU
		{4582EE2B-D1C7-4F89-9A1C-47536DB3825B}.Release|Any CPU.ActiveCfg = Release|Any CPU
		{4582EE2B-D1C7-4F89-9A1C-47536DB3825B}.Release|Any CPU.Build.0 = Release|Any CPU
		{8A3ED17A-B7F6-4CC4-85B0-B2C2AD6EFD5B}.Debug|Any CPU.ActiveCfg = Debug|Any CPU
		{8A3ED17A-B7F6-4CC4-85B0-B2C2AD6EFD5B}.Debug|Any CPU.Build.0 = Debug|Any CPU
		{8A3ED17A-B7F6-4CC4-85B0-B2C2AD6EFD5B}.Release|Any CPU.ActiveCfg = Release|Any CPU
		{8A3ED17A-B7F6-4CC4-85B0-B2C2AD6EFD5B}.Release|Any CPU.Build.0 = Release|Any CPU
		{23C0608C-26DC-4632-A202-568001842065}.Debug|Any CPU.ActiveCfg = Debug|Any CPU
		{23C0608C-26DC-4632-A202-568001842065}.Debug|Any CPU.Build.0 = Debug|Any CPU
		{23C0608C-26DC-4632-A202-568001842065}.Release|Any CPU.ActiveCfg = Release|Any CPU
		{23C0608C-26DC-4632-A202-568001842065}.Release|Any CPU.Build.0 = Release|Any CPU
		{3BB618D0-C2C4-494D-BC9F-A7018656F461}.Debug|Any CPU.ActiveCfg = Debug|Any CPU
		{3BB618D0-C2C4-494D-BC9F-A7018656F461}.Debug|Any CPU.Build.0 = Debug|Any CPU
		{3BB618D0-C2C4-494D-BC9F-A7018656F461}.Release|Any CPU.ActiveCfg = Release|Any CPU
		{3BB618D0-C2C4-494D-BC9F-A7018656F461}.Release|Any CPU.Build.0 = Release|Any CPU
		{9E96EDF3-FF68-416E-A7BF-43527ED032B5}.Debug|Any CPU.ActiveCfg = Debug|Any CPU
		{9E96EDF3-FF68-416E-A7BF-43527ED032B5}.Debug|Any CPU.Build.0 = Debug|Any CPU
		{9E96EDF3-FF68-416E-A7BF-43527ED032B5}.Release|Any CPU.ActiveCfg = Release|Any CPU
		{9E96EDF3-FF68-416E-A7BF-43527ED032B5}.Release|Any CPU.Build.0 = Release|Any CPU
		{FCF58D67-F89A-443D-BCAC-90E474113EEB}.Debug|Any CPU.ActiveCfg = Debug|Any CPU
		{FCF58D67-F89A-443D-BCAC-90E474113EEB}.Debug|Any CPU.Build.0 = Debug|Any CPU
		{FCF58D67-F89A-443D-BCAC-90E474113EEB}.Release|Any CPU.ActiveCfg = Release|Any CPU
		{FCF58D67-F89A-443D-BCAC-90E474113EEB}.Release|Any CPU.Build.0 = Release|Any CPU
		{364742C2-F0BF-444B-84BB-551D7F542275}.Debug|Any CPU.ActiveCfg = Debug|Any CPU
		{364742C2-F0BF-444B-84BB-551D7F542275}.Debug|Any CPU.Build.0 = Debug|Any CPU
		{364742C2-F0BF-444B-84BB-551D7F542275}.Release|Any CPU.ActiveCfg = Release|Any CPU
		{364742C2-F0BF-444B-84BB-551D7F542275}.Release|Any CPU.Build.0 = Release|Any CPU
	EndGlobalSection
	GlobalSection(SolutionProperties) = preSolution
		HideSolutionNode = FALSE
	EndGlobalSection
	GlobalSection(NestedProjects) = preSolution
		{A260E927-7E62-4074-9DCA-B80B4EA5C367} = {B5DBC0F7-6C1D-44C2-AD69-9A6A04A95898}
		{C96D3C43-98C2-4EF6-9859-E3E08B70B762} = {8EC95DB7-6B52-4345-9967-E4217DD1B369}
		{4582EE2B-D1C7-4F89-9A1C-47536DB3825B} = {B5DBC0F7-6C1D-44C2-AD69-9A6A04A95898}
		{8A3ED17A-B7F6-4CC4-85B0-B2C2AD6EFD5B} = {B5DBC0F7-6C1D-44C2-AD69-9A6A04A95898}
		{23C0608C-26DC-4632-A202-568001842065} = {B5DBC0F7-6C1D-44C2-AD69-9A6A04A95898}
		{3BB618D0-C2C4-494D-BC9F-A7018656F461} = {DEEAADD6-DAAF-4923-B9D5-6E3FCBC3D67E}
		{9E96EDF3-FF68-416E-A7BF-43527ED032B5} = {DEEAADD6-DAAF-4923-B9D5-6E3FCBC3D67E}
		{FCF58D67-F89A-443D-BCAC-90E474113EEB} = {DEEAADD6-DAAF-4923-B9D5-6E3FCBC3D67E}
	EndGlobalSection
	GlobalSection(ExtensibilityGlobals) = postSolution
		SolutionGuid = {E8C9DF37-367C-49C6-BF00-37C669F835F0}
	EndGlobalSection
EndGlobal
